{
  "originHash" : "2184ddba27ecd5537ac71a11216fae71ab1c65103006866468ce1ae36c1bcc20",
  "pins" : [
    {
      "identity" : "jdependency",
      "kind" : "remoteSourceControl",
      "location" : "https://github.com/JordanHaer/JDependency",
      "state" : {
        "branch" : "main",
        "revision" : "3936c1c30f12012bb1ebec0309842af01af2e56a"
      }
    }
  ],
  "version" : 3
}
