{
  "originHash" : "f34dcbba8665dbb91fb31a85fbe93e9e35ac83ad4c9a1285ccca22afe4cb3825",
  "pins" : [
    {
      "identity" : "jdependency",
      "kind" : "remoteSourceControl",
      "location" : "https://github.com/JordanHaer/JDependency",
      "state" : {
        "branch" : "main",
        "revision" : "3936c1c30f12012bb1ebec0309842af01af2e56a"
      }
    },
    {
      "identity" : "swiftlintplugins",
      "kind" : "remoteSourceControl",
      "location" : "https://github.com/SimplyDanny/SwiftLintPlugins",
      "state" : {
        "revision" : "7c80ce6f142164b0201871e580b021d1b2c69804",
        "version" : "0.57.0"
      }
    }
  ],
  "version" : 3
}
